// !$*UTF8*$!
{
	archiveVersion = 1;
	classes = {
	};
	objectVersion = 46;
	objects = {

/* Begin PBXAggregateTarget section */
		355F87A418848EDB0058BA53 /* Framework */ = {
			isa = PBXAggregateTarget;
			buildConfigurationList = 355F87A518848EDB0058BA53 /* Build configuration list for PBXAggregateTarget "Framework" */;
			buildPhases = (
				355F87AA18848F1D0058BA53 /* ShellScript */,
			);
			dependencies = (
				355F87A918848EFA0058BA53 /* PBXTargetDependency */,
			);
			name = Framework;
			productName = Framework;
		};
/* End PBXAggregateTarget section */

/* Begin PBXBuildFile section */
		352A43101885A9EC008D4E29 /* UITextField+AutoSuggestAdditions.h in Headers */ = {isa = PBXBuildFile; fileRef = 352A430E1885A9EC008D4E29 /* UITextField+AutoSuggestAdditions.h */; settings = {ATTRIBUTES = (Public, ); }; };
		352A43111885A9EC008D4E29 /* UITextField+AutoSuggestAdditions.m in Sources */ = {isa = PBXBuildFile; fileRef = 352A430F1885A9EC008D4E29 /* UITextField+AutoSuggestAdditions.m */; };
		352A43131885AA45008D4E29 /* AutoSuggestDelegate.h in Headers */ = {isa = PBXBuildFile; fileRef = 352A43121885AA45008D4E29 /* AutoSuggestDelegate.h */; settings = {ATTRIBUTES = (Public, ); }; };
		355F877C1884886A0058BA53 /* Foundation.framework in Frameworks */ = {isa = PBXBuildFile; fileRef = 355F877B1884886A0058BA53 /* Foundation.framework */; };
		355F87811884886A0058BA53 /* Guile.h in CopyFiles */ = {isa = PBXBuildFile; fileRef = 355F87801884886A0058BA53 /* Guile.h */; };
		355F87A21884899A0058BA53 /* Guile.h in Headers */ = {isa = PBXBuildFile; fileRef = 355F87801884886A0058BA53 /* Guile.h */; settings = {ATTRIBUTES = (Public, ); }; };
		355F87B4188493340058BA53 /* AutoSuggestTextField.h in Headers */ = {isa = PBXBuildFile; fileRef = 355F87AB188493340058BA53 /* AutoSuggestTextField.h */; settings = {ATTRIBUTES = (Public, ); }; };
		355F87B5188493340058BA53 /* AutoSuggestTextField.m in Sources */ = {isa = PBXBuildFile; fileRef = 355F87AC188493340058BA53 /* AutoSuggestTextField.m */; };
		355F87B6188493340058BA53 /* LoadableCategory.h in Headers */ = {isa = PBXBuildFile; fileRef = 355F87AD188493340058BA53 /* LoadableCategory.h */; settings = {ATTRIBUTES = (Private, ); }; };
		355F87B7188493340058BA53 /* StatusMessageLabel.h in Headers */ = {isa = PBXBuildFile; fileRef = 355F87AE188493340058BA53 /* StatusMessageLabel.h */; settings = {ATTRIBUTES = (Public, ); }; };
		355F87B8188493340058BA53 /* StatusMessageLabel.m in Sources */ = {isa = PBXBuildFile; fileRef = 355F87AF188493340058BA53 /* StatusMessageLabel.m */; };
		355F87B9188493340058BA53 /* StatusMessageManager.h in Headers */ = {isa = PBXBuildFile; fileRef = 355F87B0188493340058BA53 /* StatusMessageManager.h */; settings = {ATTRIBUTES = (Public, ); }; };
		355F87BA188493340058BA53 /* StatusMessageManager.m in Sources */ = {isa = PBXBuildFile; fileRef = 355F87B1188493340058BA53 /* StatusMessageManager.m */; };
		355F87BB188493340058BA53 /* UIApplication+StatusMessage.h in Headers */ = {isa = PBXBuildFile; fileRef = 355F87B2188493340058BA53 /* UIApplication+StatusMessage.h */; settings = {ATTRIBUTES = (Public, ); }; };
		355F87BC188493340058BA53 /* UIApplication+StatusMessage.m in Sources */ = {isa = PBXBuildFile; fileRef = 355F87B3188493340058BA53 /* UIApplication+StatusMessage.m */; };
		355F87BE1884946F0058BA53 /* UIKit.framework in Frameworks */ = {isa = PBXBuildFile; fileRef = 355F87BD1884946F0058BA53 /* UIKit.framework */; };
		355F87C0188494740058BA53 /* QuartzCore.framework in Frameworks */ = {isa = PBXBuildFile; fileRef = 355F87BF188494740058BA53 /* QuartzCore.framework */; settings = {ATTRIBUTES = (Weak, ); }; };
/* End PBXBuildFile section */

/* Begin PBXContainerItemProxy section */
		355F87A818848EFA0058BA53 /* PBXContainerItemProxy */ = {
			isa = PBXContainerItemProxy;
			containerPortal = 355F87701884886A0058BA53 /* Project object */;
			proxyType = 1;
			remoteGlobalIDString = 355F87771884886A0058BA53;
			remoteInfo = Guile;
		};
/* End PBXContainerItemProxy section */

/* Begin PBXCopyFilesBuildPhase section */
		355F87761884886A0058BA53 /* CopyFiles */ = {
			isa = PBXCopyFilesBuildPhase;
			buildActionMask = 2147483647;
			dstPath = "include/$(PRODUCT_NAME)";
			dstSubfolderSpec = 16;
			files = (
				355F87811884886A0058BA53 /* Guile.h in CopyFiles */,
			);
			runOnlyForDeploymentPostprocessing = 0;
		};
/* End PBXCopyFilesBuildPhase section */

/* Begin PBXFileReference section */
		352A430E1885A9EC008D4E29 /* UITextField+AutoSuggestAdditions.h */ = {isa = PBXFileReference; fileEncoding = 4; lastKnownFileType = sourcecode.c.h; path = "UITextField+AutoSuggestAdditions.h"; sourceTree = "<group>"; };
		352A430F1885A9EC008D4E29 /* UITextField+AutoSuggestAdditions.m */ = {isa = PBXFileReference; fileEncoding = 4; lastKnownFileType = sourcecode.c.objc; path = "UITextField+AutoSuggestAdditions.m"; sourceTree = "<group>"; };
		352A43121885AA45008D4E29 /* AutoSuggestDelegate.h */ = {isa = PBXFileReference; fileEncoding = 4; lastKnownFileType = sourcecode.c.h; path = AutoSuggestDelegate.h; sourceTree = "<group>"; };
		355F87781884886A0058BA53 /* libGuile.a */ = {isa = PBXFileReference; explicitFileType = archive.ar; includeInIndex = 0; path = libGuile.a; sourceTree = BUILT_PRODUCTS_DIR; };
		355F877B1884886A0058BA53 /* Foundation.framework */ = {isa = PBXFileReference; lastKnownFileType = wrapper.framework; name = Foundation.framework; path = System/Library/Frameworks/Foundation.framework; sourceTree = SDKROOT; };
		355F877F1884886A0058BA53 /* Guile-Prefix.pch */ = {isa = PBXFileReference; lastKnownFileType = sourcecode.c.h; path = "Guile-Prefix.pch"; sourceTree = "<group>"; };
		355F87801884886A0058BA53 /* Guile.h */ = {isa = PBXFileReference; lastKnownFileType = sourcecode.c.h; path = Guile.h; sourceTree = "<group>"; };
		355F87AB188493340058BA53 /* AutoSuggestTextField.h */ = {isa = PBXFileReference; fileEncoding = 4; lastKnownFileType = sourcecode.c.h; path = AutoSuggestTextField.h; sourceTree = "<group>"; };
		355F87AC188493340058BA53 /* AutoSuggestTextField.m */ = {isa = PBXFileReference; fileEncoding = 4; lastKnownFileType = sourcecode.c.objc; path = AutoSuggestTextField.m; sourceTree = "<group>"; };
		355F87AD188493340058BA53 /* LoadableCategory.h */ = {isa = PBXFileReference; fileEncoding = 4; lastKnownFileType = sourcecode.c.h; path = LoadableCategory.h; sourceTree = "<group>"; };
		355F87AE188493340058BA53 /* StatusMessageLabel.h */ = {isa = PBXFileReference; fileEncoding = 4; lastKnownFileType = sourcecode.c.h; path = StatusMessageLabel.h; sourceTree = "<group>"; };
		355F87AF188493340058BA53 /* StatusMessageLabel.m */ = {isa = PBXFileReference; fileEncoding = 4; lastKnownFileType = sourcecode.c.objc; path = StatusMessageLabel.m; sourceTree = "<group>"; };
		355F87B0188493340058BA53 /* StatusMessageManager.h */ = {isa = PBXFileReference; fileEncoding = 4; lastKnownFileType = sourcecode.c.h; path = StatusMessageManager.h; sourceTree = "<group>"; };
		355F87B1188493340058BA53 /* StatusMessageManager.m */ = {isa = PBXFileReference; fileEncoding = 4; lastKnownFileType = sourcecode.c.objc; path = StatusMessageManager.m; sourceTree = "<group>"; };
		355F87B2188493340058BA53 /* UIApplication+StatusMessage.h */ = {isa = PBXFileReference; fileEncoding = 4; lastKnownFileType = sourcecode.c.h; path = "UIApplication+StatusMessage.h"; sourceTree = "<group>"; };
		355F87B3188493340058BA53 /* UIApplication+StatusMessage.m */ = {isa = PBXFileReference; fileEncoding = 4; lastKnownFileType = sourcecode.c.objc; path = "UIApplication+StatusMessage.m"; sourceTree = "<group>"; };
		355F87BD1884946F0058BA53 /* UIKit.framework */ = {isa = PBXFileReference; lastKnownFileType = wrapper.framework; name = UIKit.framework; path = System/Library/Frameworks/UIKit.framework; sourceTree = SDKROOT; };
		355F87BF188494740058BA53 /* QuartzCore.framework */ = {isa = PBXFileReference; lastKnownFileType = wrapper.framework; name = QuartzCore.framework; path = System/Library/Frameworks/QuartzCore.framework; sourceTree = SDKROOT; };
/* End PBXFileReference section */

/* Begin PBXFrameworksBuildPhase section */
		355F87751884886A0058BA53 /* Frameworks */ = {
			isa = PBXFrameworksBuildPhase;
			buildActionMask = 2147483647;
			files = (
				355F877C1884886A0058BA53 /* Foundation.framework in Frameworks */,
				355F87BE1884946F0058BA53 /* UIKit.framework in Frameworks */,
				355F87C0188494740058BA53 /* QuartzCore.framework in Frameworks */,
			);
			runOnlyForDeploymentPostprocessing = 0;
		};
/* End PBXFrameworksBuildPhase section */

/* Begin PBXGroup section */
		355F876F1884886A0058BA53 = {
			isa = PBXGroup;
			children = (
				355F877D1884886A0058BA53 /* Guile */,
				355F877A1884886A0058BA53 /* Frameworks */,
				355F87791884886A0058BA53 /* Products */,
			);
			sourceTree = "<group>";
		};
		355F87791884886A0058BA53 /* Products */ = {
			isa = PBXGroup;
			children = (
				355F87781884886A0058BA53 /* libGuile.a */,
			);
			name = Products;
			sourceTree = "<group>";
		};
		355F877A1884886A0058BA53 /* Frameworks */ = {
			isa = PBXGroup;
			children = (
				355F87BF188494740058BA53 /* QuartzCore.framework */,
				355F87BD1884946F0058BA53 /* UIKit.framework */,
				355F877B1884886A0058BA53 /* Foundation.framework */,
			);
			name = Frameworks;
			sourceTree = "<group>";
		};
		355F877D1884886A0058BA53 /* Guile */ = {
			isa = PBXGroup;
			children = (
				355F87801884886A0058BA53 /* Guile.h */,
				352A43121885AA45008D4E29 /* AutoSuggestDelegate.h */,
				352A430E1885A9EC008D4E29 /* UITextField+AutoSuggestAdditions.h */,
				352A430F1885A9EC008D4E29 /* UITextField+AutoSuggestAdditions.m */,
				355F87AB188493340058BA53 /* AutoSuggestTextField.h */,
				355F87AC188493340058BA53 /* AutoSuggestTextField.m */,
				355F87AD188493340058BA53 /* LoadableCategory.h */,
				355F87AE188493340058BA53 /* StatusMessageLabel.h */,
				355F87AF188493340058BA53 /* StatusMessageLabel.m */,
				355F87B0188493340058BA53 /* StatusMessageManager.h */,
				355F87B1188493340058BA53 /* StatusMessageManager.m */,
				355F87B2188493340058BA53 /* UIApplication+StatusMessage.h */,
				355F87B3188493340058BA53 /* UIApplication+StatusMessage.m */,
				355F877E1884886A0058BA53 /* Supporting Files */,
			);
			path = Guile;
			sourceTree = "<group>";
		};
		355F877E1884886A0058BA53 /* Supporting Files */ = {
			isa = PBXGroup;
			children = (
				355F877F1884886A0058BA53 /* Guile-Prefix.pch */,
			);
			name = "Supporting Files";
			sourceTree = "<group>";
		};
/* End PBXGroup section */

/* Begin PBXHeadersBuildPhase section */
		355F87A1188489950058BA53 /* Headers */ = {
			isa = PBXHeadersBuildPhase;
			buildActionMask = 2147483647;
			files = (
				355F87B4188493340058BA53 /* AutoSuggestTextField.h in Headers */,
				352A43131885AA45008D4E29 /* AutoSuggestDelegate.h in Headers */,
				355F87A21884899A0058BA53 /* Guile.h in Headers */,
				355F87B9188493340058BA53 /* StatusMessageManager.h in Headers */,
				355F87B7188493340058BA53 /* StatusMessageLabel.h in Headers */,
				352A43101885A9EC008D4E29 /* UITextField+AutoSuggestAdditions.h in Headers */,
				355F87B6188493340058BA53 /* LoadableCategory.h in Headers */,
				355F87BB188493340058BA53 /* UIApplication+StatusMessage.h in Headers */,
			);
			runOnlyForDeploymentPostprocessing = 0;
		};
/* End PBXHeadersBuildPhase section */

/* Begin PBXNativeTarget section */
		355F87771884886A0058BA53 /* Guile */ = {
			isa = PBXNativeTarget;
			buildConfigurationList = 355F879B1884886A0058BA53 /* Build configuration list for PBXNativeTarget "Guile" */;
			buildPhases = (
				355F87741884886A0058BA53 /* Sources */,
				355F87751884886A0058BA53 /* Frameworks */,
				355F87761884886A0058BA53 /* CopyFiles */,
				355F87A1188489950058BA53 /* Headers */,
				355F87A318848AAC0058BA53 /* ShellScript */,
			);
			buildRules = (
			);
			dependencies = (
			);
			name = Guile;
			productName = Guile;
			productReference = 355F87781884886A0058BA53 /* libGuile.a */;
			productType = "com.apple.product-type.library.static";
		};
/* End PBXNativeTarget section */

/* Begin PBXProject section */
		355F87701884886A0058BA53 /* Project object */ = {
			isa = PBXProject;
			attributes = {
				LastUpgradeCheck = 0500;
				ORGANIZATIONNAME = "Gilt Groupe";
			};
			buildConfigurationList = 355F87731884886A0058BA53 /* Build configuration list for PBXProject "Guile" */;
			compatibilityVersion = "Xcode 3.2";
			developmentRegion = English;
			hasScannedForEncodings = 0;
			knownRegions = (
				en,
			);
			mainGroup = 355F876F1884886A0058BA53;
			productRefGroup = 355F87791884886A0058BA53 /* Products */;
			projectDirPath = "";
			projectRoot = "";
			targets = (
				355F87771884886A0058BA53 /* Guile */,
				355F87A418848EDB0058BA53 /* Framework */,
			);
		};
/* End PBXProject section */

/* Begin PBXShellScriptBuildPhase section */
		355F87A318848AAC0058BA53 /* ShellScript */ = {
			isa = PBXShellScriptBuildPhase;
			buildActionMask = 2147483647;
			files = (
			);
			inputPaths = (
			);
			outputPaths = (
			);
			runOnlyForDeploymentPostprocessing = 0;
			shellPath = /bin/sh;
			shellScript = "set -e\n\nmkdir -p \"${BUILT_PRODUCTS_DIR}/${PRODUCT_NAME}.framework/Versions/A/Headers\"\n\n# Link the \"Current\" version to \"A\"\n/bin/ln -sfh A \"${BUILT_PRODUCTS_DIR}/${PRODUCT_NAME}.framework/Versions/Current\"\n/bin/ln -sfh Versions/Current/Headers \"${BUILT_PRODUCTS_DIR}/${PRODUCT_NAME}.framework/Headers\"\n/bin/ln -sfh \"Versions/Current/${PRODUCT_NAME}\" \"${BUILT_PRODUCTS_DIR}/${PRODUCT_NAME}.framework/${PRODUCT_NAME}\"\n\n# The -a ensures that the headers maintain the source modification date so that we don't constantly\n# cause propagating rebuilds of files that import these headers.\n/bin/cp -a \"${TARGET_BUILD_DIR}/${PUBLIC_HEADERS_FOLDER_PATH}/\" \"${BUILT_PRODUCTS_DIR}/${PRODUCT_NAME}.framework/Versions/A/Headers\"";
		};
		355F87AA18848F1D0058BA53 /* ShellScript */ = {
			isa = PBXShellScriptBuildPhase;
			buildActionMask = 2147483647;
			files = (
			);
			inputPaths = (
			);
			outputPaths = (
			);
			runOnlyForDeploymentPostprocessing = 0;
			shellPath = /bin/sh;
			shellScript = "set -e\nset +u\n# Avoid recursively calling this script.\nif [[ $SF_MASTER_SCRIPT_RUNNING ]]\nthen\nexit 0\nfi\nset -u\nexport SF_MASTER_SCRIPT_RUNNING=1\n\nSF_TARGET_NAME=${PROJECT_NAME}\nSF_EXECUTABLE_PATH=\"lib${SF_TARGET_NAME}.a\"\nSF_WRAPPER_NAME=\"${SF_TARGET_NAME}.framework\"\n\n# The following conditionals come from\n# https://github.com/kstenerud/iOS-Universal-Framework\n\nif [[ \"$SDK_NAME\" =~ ([A-Za-z]+) ]]\nthen\nSF_SDK_PLATFORM=${BASH_REMATCH[1]}\nelse\necho \"Could not find platform name from SDK_NAME: $SDK_NAME\"\nexit 1\nfi\n\nif [[ \"$SDK_NAME\" =~ ([0-9]+.*$) ]]\nthen\nSF_SDK_VERSION=${BASH_REMATCH[1]}\nelse\necho \"Could not find sdk version from SDK_NAME: $SDK_NAME\"\nexit 1\nfi\n\nif [[ \"$SF_SDK_PLATFORM\" = \"iphoneos\" ]]\nthen\nSF_OTHER_PLATFORM=iphonesimulator\nelse\nSF_OTHER_PLATFORM=iphoneos\nfi\n\nif [[ \"$BUILT_PRODUCTS_DIR\" =~ (.*)$SF_SDK_PLATFORM$ ]]\nthen\nSF_OTHER_BUILT_PRODUCTS_DIR=\"${BASH_REMATCH[1]}${SF_OTHER_PLATFORM}\"\nelse\necho \"Could not find platform name from build products directory: $BUILT_PRODUCTS_DIR\"\nexit 1\nfi\n\n# Build the other platform.\nxcodebuild -project \"${PROJECT_FILE_PATH}\" -target \"${TARGET_NAME}\" -configuration \"${CONFIGURATION}\" -sdk ${SF_OTHER_PLATFORM}${SF_SDK_VERSION} BUILD_DIR=\"${BUILD_DIR}\" OBJROOT=\"${OBJROOT}\" BUILD_ROOT=\"${BUILD_ROOT}\" SYMROOT=\"${SYMROOT}\" $ACTION\n\n# Smash the two static libraries into one fat binary and store it in the .framework\nlipo -create \"${BUILT_PRODUCTS_DIR}/${SF_EXECUTABLE_PATH}\" \"${SF_OTHER_BUILT_PRODUCTS_DIR}/${SF_EXECUTABLE_PATH}\" -output \"${BUILT_PRODUCTS_DIR}/${SF_WRAPPER_NAME}/Versions/A/${SF_TARGET_NAME}\"\n\n# Copy the binary to the other architecture folder to have a complete framework in both.\ncp -a \"${BUILT_PRODUCTS_DIR}/${SF_WRAPPER_NAME}/Versions/A/${SF_TARGET_NAME}\" \"${SF_OTHER_BUILT_PRODUCTS_DIR}/${SF_WRAPPER_NAME}/Versions/A/${SF_TARGET_NAME}\"";
		};
/* End PBXShellScriptBuildPhase section */

/* Begin PBXSourcesBuildPhase section */
		355F87741884886A0058BA53 /* Sources */ = {
			isa = PBXSourcesBuildPhase;
			buildActionMask = 2147483647;
			files = (
				352A43111885A9EC008D4E29 /* UITextField+AutoSuggestAdditions.m in Sources */,
				355F87BA188493340058BA53 /* StatusMessageManager.m in Sources */,
				355F87B8188493340058BA53 /* StatusMessageLabel.m in Sources */,
				355F87BC188493340058BA53 /* UIApplication+StatusMessage.m in Sources */,
				355F87B5188493340058BA53 /* AutoSuggestTextField.m in Sources */,
			);
			runOnlyForDeploymentPostprocessing = 0;
		};
/* End PBXSourcesBuildPhase section */

/* Begin PBXTargetDependency section */
		355F87A918848EFA0058BA53 /* PBXTargetDependency */ = {
			isa = PBXTargetDependency;
			target = 355F87771884886A0058BA53 /* Guile */;
			targetProxy = 355F87A818848EFA0058BA53 /* PBXContainerItemProxy */;
		};
/* End PBXTargetDependency section */

/* Begin XCBuildConfiguration section */
		355F87991884886A0058BA53 /* Debug */ = {
			isa = XCBuildConfiguration;
			buildSettings = {
				ALWAYS_SEARCH_USER_PATHS = NO;
				ARCHS = "$(ARCHS_STANDARD_INCLUDING_64_BIT)";
				CLANG_CXX_LANGUAGE_STANDARD = "gnu++0x";
				CLANG_CXX_LIBRARY = "libc++";
				CLANG_ENABLE_MODULES = YES;
				CLANG_ENABLE_OBJC_ARC = YES;
				CLANG_WARN_BOOL_CONVERSION = YES;
				CLANG_WARN_CONSTANT_CONVERSION = YES;
				CLANG_WARN_DIRECT_OBJC_ISA_USAGE = YES_ERROR;
				CLANG_WARN_EMPTY_BODY = YES;
				CLANG_WARN_ENUM_CONVERSION = YES;
				CLANG_WARN_INT_CONVERSION = YES;
				CLANG_WARN_OBJC_ROOT_CLASS = YES_ERROR;
				CLANG_WARN__DUPLICATE_METHOD_MATCH = YES;
				COPY_PHASE_STRIP = NO;
				DEAD_CODE_STRIPPING = NO;
				GCC_C_LANGUAGE_STANDARD = gnu99;
				GCC_DYNAMIC_NO_PIC = NO;
				GCC_OPTIMIZATION_LEVEL = 0;
				GCC_PREPROCESSOR_DEFINITIONS = (
					"DEBUG=1",
					"$(inherited)",
				);
				GCC_SYMBOLS_PRIVATE_EXTERN = NO;
				GCC_WARN_64_TO_32_BIT_CONVERSION = YES;
				GCC_WARN_ABOUT_RETURN_TYPE = YES_ERROR;
				GCC_WARN_UNDECLARED_SELECTOR = YES;
				GCC_WARN_UNINITIALIZED_AUTOS = YES;
				GCC_WARN_UNUSED_FUNCTION = YES;
				GCC_WARN_UNUSED_VARIABLE = YES;
				IPHONEOS_DEPLOYMENT_TARGET = 6.0;
				ONLY_ACTIVE_ARCH = YES;
				PUBLIC_HEADERS_FOLDER_PATH = "$(PROJECT_NAME)Headers";
				SDKROOT = iphoneos;
				STRIP_STYLE = "non-global";
			};
			name = Debug;
		};
		355F879A1884886A0058BA53 /* Release */ = {
			isa = XCBuildConfiguration;
			buildSettings = {
				ALWAYS_SEARCH_USER_PATHS = NO;
				ARCHS = "$(ARCHS_STANDARD_INCLUDING_64_BIT)";
				CLANG_CXX_LANGUAGE_STANDARD = "gnu++0x";
				CLANG_CXX_LIBRARY = "libc++";
				CLANG_ENABLE_MODULES = YES;
				CLANG_ENABLE_OBJC_ARC = YES;
				CLANG_WARN_BOOL_CONVERSION = YES;
				CLANG_WARN_CONSTANT_CONVERSION = YES;
				CLANG_WARN_DIRECT_OBJC_ISA_USAGE = YES_ERROR;
				CLANG_WARN_EMPTY_BODY = YES;
				CLANG_WARN_ENUM_CONVERSION = YES;
				CLANG_WARN_INT_CONVERSION = YES;
				CLANG_WARN_OBJC_ROOT_CLASS = YES_ERROR;
				CLANG_WARN__DUPLICATE_METHOD_MATCH = YES;
				COPY_PHASE_STRIP = NO;
				DEAD_CODE_STRIPPING = NO;
				ENABLE_NS_ASSERTIONS = NO;
				GCC_C_LANGUAGE_STANDARD = gnu99;
				GCC_WARN_64_TO_32_BIT_CONVERSION = YES;
				GCC_WARN_ABOUT_RETURN_TYPE = YES_ERROR;
				GCC_WARN_UNDECLARED_SELECTOR = YES;
				GCC_WARN_UNINITIALIZED_AUTOS = YES;
				GCC_WARN_UNUSED_FUNCTION = YES;
				GCC_WARN_UNUSED_VARIABLE = YES;
				IPHONEOS_DEPLOYMENT_TARGET = 6.0;
				PUBLIC_HEADERS_FOLDER_PATH = "$(PROJECT_NAME)Headers";
				SDKROOT = iphoneos;
				STRIP_STYLE = "non-global";
				VALIDATE_PRODUCT = YES;
			};
			name = Release;
		};
		355F879C1884886A0058BA53 /* Debug */ = {
			isa = XCBuildConfiguration;
			buildSettings = {
				DSTROOT = /tmp/Guile.dst;
				GCC_PRECOMPILE_PREFIX_HEADER = YES;
				GCC_PREFIX_HEADER = "Guile/Guile-Prefix.pch";
				OTHER_LDFLAGS = "-ObjC";
				PRODUCT_NAME = "$(TARGET_NAME)";
				SKIP_INSTALL = YES;
			};
			name = Debug;
		};
		355F879D1884886A0058BA53 /* Release */ = {
			isa = XCBuildConfiguration;
			buildSettings = {
				DSTROOT = /tmp/Guile.dst;
				GCC_OPTIMIZATION_LEVEL = fast;
				GCC_PRECOMPILE_PREFIX_HEADER = YES;
				GCC_PREFIX_HEADER = "Guile/Guile-Prefix.pch";
				OTHER_LDFLAGS = "-ObjC";
				PRODUCT_NAME = "$(TARGET_NAME)";
				SKIP_INSTALL = YES;
			};
			name = Release;
		};
		355F87A618848EDB0058BA53 /* Debug */ = {
			isa = XCBuildConfiguration;
			buildSettings = {
				PRODUCT_NAME = "$(TARGET_NAME)";
			};
			name = Debug;
		};
		355F87A718848EDB0058BA53 /* Release */ = {
			isa = XCBuildConfiguration;
			buildSettings = {
				PRODUCT_NAME = "$(TARGET_NAME)";
			};
			name = Release;
		};
/* End XCBuildConfiguration section */

/* Begin XCConfigurationList section */
		355F87731884886A0058BA53 /* Build configuration list for PBXProject "Guile" */ = {
			isa = XCConfigurationList;
			buildConfigurations = (
				355F87991884886A0058BA53 /* Debug */,
				355F879A1884886A0058BA53 /* Release */,
			);
			defaultConfigurationIsVisible = 0;
			defaultConfigurationName = Release;
		};
		355F879B1884886A0058BA53 /* Build configuration list for PBXNativeTarget "Guile" */ = {
			isa = XCConfigurationList;
			buildConfigurations = (
				355F879C1884886A0058BA53 /* Debug */,
				355F879D1884886A0058BA53 /* Release */,
			);
			defaultConfigurationIsVisible = 0;
			defaultConfigurationName = Release;
		};
		355F87A518848EDB0058BA53 /* Build configuration list for PBXAggregateTarget "Framework" */ = {
			isa = XCConfigurationList;
			buildConfigurations = (
				355F87A618848EDB0058BA53 /* Debug */,
				355F87A718848EDB0058BA53 /* Release */,
			);
			defaultConfigurationIsVisible = 0;
			defaultConfigurationName = Release;
		};
/* End XCConfigurationList section */
	};
	rootObject = 355F87701884886A0058BA53 /* Project object */;
}
